
Microsoft Visual Studio Solution File, Format Version 12.00
# Visual Studio Version 17
VisualStudioVersion = 17.5.33424.131
MinimumVisualStudioVersion = 10.0.40219.1
Project("{8BC9CEB8-8B4A-11D0-8D11-00A0C91BC942}") = "Lab7A", "Lab7A\Lab7A.vcxproj", "{CA72A47E-0659-4386-A4DB-374B433BD817}"
EndProject
Global
	GlobalSection(SolutionConfigurationPlatforms) = preSolution
		Debug|x64 = Debug|x64
		Debug|x86 = Debug|x86
		Release|x64 = Release|x64
		Release|x86 = Release|x86
	EndGlobalSection
	GlobalSection(ProjectConfigurationPlatforms) = postSolution
		{CA72A47E-0659-4386-A4DB-374B433BD817}.Debug|x64.ActiveCfg = Debug|x64
		{CA72A47E-0659-4386-A4DB-374B433BD817}.Debug|x64.Build.0 = Debug|x64
		{CA72A47E-0659-4386-A4DB-374B433BD817}.Debug|x86.ActiveCfg = Debug|Win32
		{CA72A47E-0659-4386-A4DB-374B433BD817}.Debug|x86.Build.0 = Debug|Win32
		{CA72A47E-0659-4386-A4DB-374B433BD817}.Release|x64.ActiveCfg = Release|x64
		{CA72A47E-0659-4386-A4DB-374B433BD817}.Release|x64.Build.0 = Release|x64
		{CA72A47E-0659-4386-A4DB-374B433BD817}.Release|x86.ActiveCfg = Release|Win32
		{CA72A47E-0659-4386-A4DB-374B433BD817}.Release|x86.Build.0 = Release|Win32
	EndGlobalSection
	GlobalSection(SolutionProperties) = preSolution
		HideSolutionNode = FALSE
	EndGlobalSection
	GlobalSection(ExtensibilityGlobals) = postSolution
		SolutionGuid = {C7CD884B-C251-4A60-8E44-ABB488347E8F}
	EndGlobalSection
EndGlobal
